
Microsoft Visual Studio Solution File, Format Version 12.00
# Visual Studio Version 16
VisualStudioVersion = 16.0.29926.136
MinimumVisualStudioVersion = 10.0.40219.1
Project("{FAE04EC0-301F-11D3-BF4B-00C04F79EFBC}") = "FindMinValue", "FindMinValue\FindMinValue.csproj", "{C417649B-897B-40F2-9941-AD93FF31D7C2}"
EndProject
Global
	GlobalSection(SolutionConfigurationPlatforms) = preSolution
		Debug|Any CPU = Debug|Any CPU
		Release|Any CPU = Release|Any CPU
	EndGlobalSection
	GlobalSection(ProjectConfigurationPlatforms) = postSolution
		{C417649B-897B-40F2-9941-AD93FF31D7C2}.Debug|Any CPU.ActiveCfg = Debug|Any CPU
		{C417649B-897B-40F2-9941-AD93FF31D7C2}.Debug|Any CPU.Build.0 = Debug|Any CPU
		{C417649B-897B-40F2-9941-AD93FF31D7C2}.Release|Any CPU.ActiveCfg = Release|Any CPU
		{C417649B-897B-40F2-9941-AD93FF31D7C2}.Release|Any CPU.Build.0 = Release|Any CPU
	EndGlobalSection
	GlobalSection(SolutionProperties) = preSolution
		HideSolutionNode = FALSE
	EndGlobalSection
	GlobalSection(ExtensibilityGlobals) = postSolution
		SolutionGuid = {2D88185B-F7D3-4CFD-AF65-B63D345CB081}
	EndGlobalSection
EndGlobal
